{
  "requires": true,
  "lockfileVersion": 1,
  "dependencies": {
    "@agm/core": {
      "version": "1.0.0-beta.5",
      "resolved": "https://registry.npmjs.org/@agm/core/-/core-1.0.0-beta.5.tgz",
      "integrity": "sha512-LVENJqtBZEWpX+uJkGI0zgg+Xkm2KkktQm4ojZozArbeNvQkVL6pqVc04Mme6vvOzwJpD1cET5w4byC8Xaq1QQ=="
    },
    "@agm/js-marker-clusterer": {
      "version": "1.0.0-beta.5",
      "resolved": "https://registry.npmjs.org/@agm/js-marker-clusterer/-/js-marker-clusterer-1.0.0-beta.5.tgz",
      "integrity": "sha512-KqaAc6hgNWKr8TnmW8dZGQXrWh+OVLMhIa6WHsOTN8v9akRsXUPExI6WTbf/vctfVBPf2euEeyTVUfLq/U1T5A=="
    },
    "js-marker-clusterer": {
      "version": "1.0.0",
      "resolved": "https://registry.npmjs.org/js-marker-clusterer/-/js-marker-clusterer-1.0.0.tgz",
      "integrity": "sha1-yUvoWuiJaBnlHBMfiR3StVVY3Rc="
    }
  }
}
